// !$*UTF8*$!
{
	archiveVersion = 1;
	classes = {
	};
	objectVersion = 56;
	objects = {

/* Begin PBXBuildFile section */
		C85F62F52A3032FD002A24FA /* Data.swift in Sources */ = {isa = PBXBuildFile; fileRef = C85F62F42A3032FD002A24FA /* Data.swift */; };
		C85F62F72A30793D002A24FA /* BottomSheetViewController.swift in Sources */ = {isa = PBXBuildFile; fileRef = C85F62F62A30793D002A24FA /* BottomSheetViewController.swift */; };
		C85F62F92A30994D002A24FA /* ProfileViewController.swift in Sources */ = {isa = PBXBuildFile; fileRef = C85F62F82A30994D002A24FA /* ProfileViewController.swift */; };
		C85F62FB2A30E096002A24FA /* AccountViewController.swift in Sources */ = {isa = PBXBuildFile; fileRef = C85F62FA2A30E096002A24FA /* AccountViewController.swift */; };
		C85F62FD2A30E5E5002A24FA /* SizeViewController.swift in Sources */ = {isa = PBXBuildFile; fileRef = C85F62FC2A30E5E5002A24FA /* SizeViewController.swift */; };
		C85F62FF2A3103DD002A24FA /* HIstoryViewController.swift in Sources */ = {isa = PBXBuildFile; fileRef = C85F62FE2A3103DD002A24FA /* HIstoryViewController.swift */; };
		C87EB1002A317FB70093C5E9 /* ImagesViewController.swift in Sources */ = {isa = PBXBuildFile; fileRef = C87EB0FF2A317FB70093C5E9 /* ImagesViewController.swift */; };
		C87EB1022A3189610093C5E9 /* OrderDetailViewController.swift in Sources */ = {isa = PBXBuildFile; fileRef = C87EB1012A3189610093C5E9 /* OrderDetailViewController.swift */; };
		C87EB1042A31B8260093C5E9 /* Rosourses.swift in Sources */ = {isa = PBXBuildFile; fileRef = C87EB1032A31B8260093C5E9 /* Rosourses.swift */; };
		C87EB1062A31B8FC0093C5E9 /* TabBarViewController.swift in Sources */ = {isa = PBXBuildFile; fileRef = C87EB1052A31B8FC0093C5E9 /* TabBarViewController.swift */; };
		C89810C82A2D9AE200F22597 /* AppDelegate.swift in Sources */ = {isa = PBXBuildFile; fileRef = C89810C72A2D9AE200F22597 /* AppDelegate.swift */; };
		C89810D12A2D9AE300F22597 /* Assets.xcassets in Resources */ = {isa = PBXBuildFile; fileRef = C89810D02A2D9AE300F22597 /* Assets.xcassets */; };
		C89810D42A2D9AE300F22597 /* LaunchScreen.storyboard in Resources */ = {isa = PBXBuildFile; fileRef = C89810D22A2D9AE300F22597 /* LaunchScreen.storyboard */; };
		C89810DC2A2D9E0300F22597 /* PageViewController.swift in Sources */ = {isa = PBXBuildFile; fileRef = C89810DB2A2D9E0300F22597 /* PageViewController.swift */; };
		C89810E42A2DEDAD00F22597 /* TestViewController.swift in Sources */ = {isa = PBXBuildFile; fileRef = C89810E32A2DEDAD00F22597 /* TestViewController.swift */; };
		C89811082A2E52DC00F22597 /* WelcomeViewController.swift in Sources */ = {isa = PBXBuildFile; fileRef = C89811072A2E52DC00F22597 /* WelcomeViewController.swift */; };
		C8AED9372A33826900ADD5D3 /* GoogleService-Info.plist in Resources */ = {isa = PBXBuildFile; fileRef = C8AED9362A33826900ADD5D3 /* GoogleService-Info.plist */; };
		C8AED93A2A3385C400ADD5D3 /* FirebaseAnalytics in Frameworks */ = {isa = PBXBuildFile; productRef = C8AED9392A3385C400ADD5D3 /* FirebaseAnalytics */; };
		C8AED93C2A3385C400ADD5D3 /* FirebaseAuth in Frameworks */ = {isa = PBXBuildFile; productRef = C8AED93B2A3385C400ADD5D3 /* FirebaseAuth */; };
		C8AED93E2A3385C400ADD5D3 /* FirebaseDatabase in Frameworks */ = {isa = PBXBuildFile; productRef = C8AED93D2A3385C400ADD5D3 /* FirebaseDatabase */; };
		C8AED9402A3385C400ADD5D3 /* FirebaseFirestore in Frameworks */ = {isa = PBXBuildFile; productRef = C8AED93F2A3385C400ADD5D3 /* FirebaseFirestore */; };
		C8AED9422A3385C400ADD5D3 /* FirebaseStorage in Frameworks */ = {isa = PBXBuildFile; productRef = C8AED9412A3385C400ADD5D3 /* FirebaseStorage */; };
		C8BF46832A348E7700D58DDC /* ApiManager.swift in Sources */ = {isa = PBXBuildFile; fileRef = C8BF46822A348E7700D58DDC /* ApiManager.swift */; };
		C8BF46852A348F3400D58DDC /* Document.swift in Sources */ = {isa = PBXBuildFile; fileRef = C8BF46842A348F3400D58DDC /* Document.swift */; };
		C8BF46882A34A72000D58DDC /* FirebaseDatabaseSwift in Frameworks */ = {isa = PBXBuildFile; productRef = C8BF46872A34A72000D58DDC /* FirebaseDatabaseSwift */; };
		C8D662B12A2EE2C50087CC97 /* RegistrationViewController.swift in Sources */ = {isa = PBXBuildFile; fileRef = C8D662B02A2EE2C50087CC97 /* RegistrationViewController.swift */; };
		C8D662B32A2EF3AF0087CC97 /* TextField.swift in Sources */ = {isa = PBXBuildFile; fileRef = C8D662B22A2EF3AF0087CC97 /* TextField.swift */; };
		C8D662B52A2F05180087CC97 /* CustomButton.swift in Sources */ = {isa = PBXBuildFile; fileRef = C8D662B42A2F05180087CC97 /* CustomButton.swift */; };
		C8D662B72A2F0B180087CC97 /* AuthViewController.swift in Sources */ = {isa = PBXBuildFile; fileRef = C8D662B62A2F0B180087CC97 /* AuthViewController.swift */; };
		C8D662B92A2F234D0087CC97 /* CatalogViewController.swift in Sources */ = {isa = PBXBuildFile; fileRef = C8D662B82A2F234D0087CC97 /* CatalogViewController.swift */; };
		C8D662BD2A2F6D0D0087CC97 /* CartViewController.swift in Sources */ = {isa = PBXBuildFile; fileRef = C8D662BC2A2F6D0D0087CC97 /* CartViewController.swift */; };
/* End PBXBuildFile section */

/* Begin PBXFileReference section */
		C85F62F42A3032FD002A24FA /* Data.swift */ = {isa = PBXFileReference; lastKnownFileType = sourcecode.swift; path = Data.swift; sourceTree = "<group>"; };
		C85F62F62A30793D002A24FA /* BottomSheetViewController.swift */ = {isa = PBXFileReference; lastKnownFileType = sourcecode.swift; path = BottomSheetViewController.swift; sourceTree = "<group>"; };
		C85F62F82A30994D002A24FA /* ProfileViewController.swift */ = {isa = PBXFileReference; lastKnownFileType = sourcecode.swift; path = ProfileViewController.swift; sourceTree = "<group>"; };
		C85F62FA2A30E096002A24FA /* AccountViewController.swift */ = {isa = PBXFileReference; lastKnownFileType = sourcecode.swift; path = AccountViewController.swift; sourceTree = "<group>"; };
		C85F62FC2A30E5E5002A24FA /* SizeViewController.swift */ = {isa = PBXFileReference; lastKnownFileType = sourcecode.swift; path = SizeViewController.swift; sourceTree = "<group>"; };
		C85F62FE2A3103DD002A24FA /* HIstoryViewController.swift */ = {isa = PBXFileReference; lastKnownFileType = sourcecode.swift; path = HIstoryViewController.swift; sourceTree = "<group>"; };
		C87EB0FF2A317FB70093C5E9 /* ImagesViewController.swift */ = {isa = PBXFileReference; lastKnownFileType = sourcecode.swift; path = ImagesViewController.swift; sourceTree = "<group>"; };
		C87EB1012A3189610093C5E9 /* OrderDetailViewController.swift */ = {isa = PBXFileReference; lastKnownFileType = sourcecode.swift; path = OrderDetailViewController.swift; sourceTree = "<group>"; };
		C87EB1032A31B8260093C5E9 /* Rosourses.swift */ = {isa = PBXFileReference; lastKnownFileType = sourcecode.swift; path = Rosourses.swift; sourceTree = "<group>"; };
		C87EB1052A31B8FC0093C5E9 /* TabBarViewController.swift */ = {isa = PBXFileReference; lastKnownFileType = sourcecode.swift; path = TabBarViewController.swift; sourceTree = "<group>"; };
		C89810C42A2D9AE200F22597 /* FinalProject2.app */ = {isa = PBXFileReference; explicitFileType = wrapper.application; includeInIndex = 0; path = FinalProject2.app; sourceTree = BUILT_PRODUCTS_DIR; };
		C89810C72A2D9AE200F22597 /* AppDelegate.swift */ = {isa = PBXFileReference; lastKnownFileType = sourcecode.swift; path = AppDelegate.swift; sourceTree = "<group>"; };
		C89810D02A2D9AE300F22597 /* Assets.xcassets */ = {isa = PBXFileReference; lastKnownFileType = folder.assetcatalog; path = Assets.xcassets; sourceTree = "<group>"; };
		C89810D32A2D9AE300F22597 /* Base */ = {isa = PBXFileReference; lastKnownFileType = file.storyboard; name = Base; path = Base.lproj/LaunchScreen.storyboard; sourceTree = "<group>"; };
		C89810D52A2D9AE300F22597 /* Info.plist */ = {isa = PBXFileReference; lastKnownFileType = text.plist.xml; path = Info.plist; sourceTree = "<group>"; };
		C89810DB2A2D9E0300F22597 /* PageViewController.swift */ = {isa = PBXFileReference; lastKnownFileType = sourcecode.swift; path = PageViewController.swift; sourceTree = "<group>"; };
		C89810E32A2DEDAD00F22597 /* TestViewController.swift */ = {isa = PBXFileReference; lastKnownFileType = sourcecode.swift; path = TestViewController.swift; sourceTree = "<group>"; };
		C89811072A2E52DC00F22597 /* WelcomeViewController.swift */ = {isa = PBXFileReference; lastKnownFileType = sourcecode.swift; path = WelcomeViewController.swift; sourceTree = "<group>"; };
		C8AED9362A33826900ADD5D3 /* GoogleService-Info.plist */ = {isa = PBXFileReference; fileEncoding = 4; lastKnownFileType = text.plist.xml; path = "GoogleService-Info.plist"; sourceTree = "<group>"; };
		C8BF46822A348E7700D58DDC /* ApiManager.swift */ = {isa = PBXFileReference; lastKnownFileType = sourcecode.swift; path = ApiManager.swift; sourceTree = "<group>"; };
		C8BF46842A348F3400D58DDC /* Document.swift */ = {isa = PBXFileReference; lastKnownFileType = sourcecode.swift; path = Document.swift; sourceTree = "<group>"; };
		C8D662B02A2EE2C50087CC97 /* RegistrationViewController.swift */ = {isa = PBXFileReference; lastKnownFileType = sourcecode.swift; path = RegistrationViewController.swift; sourceTree = "<group>"; };
		C8D662B22A2EF3AF0087CC97 /* TextField.swift */ = {isa = PBXFileReference; lastKnownFileType = sourcecode.swift; path = TextField.swift; sourceTree = "<group>"; };
		C8D662B42A2F05180087CC97 /* CustomButton.swift */ = {isa = PBXFileReference; lastKnownFileType = sourcecode.swift; path = CustomButton.swift; sourceTree = "<group>"; };
		C8D662B62A2F0B180087CC97 /* AuthViewController.swift */ = {isa = PBXFileReference; lastKnownFileType = sourcecode.swift; path = AuthViewController.swift; sourceTree = "<group>"; };
		C8D662B82A2F234D0087CC97 /* CatalogViewController.swift */ = {isa = PBXFileReference; lastKnownFileType = sourcecode.swift; path = CatalogViewController.swift; sourceTree = "<group>"; };
		C8D662BC2A2F6D0D0087CC97 /* CartViewController.swift */ = {isa = PBXFileReference; lastKnownFileType = sourcecode.swift; path = CartViewController.swift; sourceTree = "<group>"; };
/* End PBXFileReference section */

/* Begin PBXFrameworksBuildPhase section */
		C89810C12A2D9AE200F22597 /* Frameworks */ = {
			isa = PBXFrameworksBuildPhase;
			buildActionMask = 2147483647;
			files = (
				C8BF46882A34A72000D58DDC /* FirebaseDatabaseSwift in Frameworks */,
				C8AED93E2A3385C400ADD5D3 /* FirebaseDatabase in Frameworks */,
				C8AED9402A3385C400ADD5D3 /* FirebaseFirestore in Frameworks */,
				C8AED93A2A3385C400ADD5D3 /* FirebaseAnalytics in Frameworks */,
				C8AED9422A3385C400ADD5D3 /* FirebaseStorage in Frameworks */,
				C8AED93C2A3385C400ADD5D3 /* FirebaseAuth in Frameworks */,
			);
			runOnlyForDeploymentPostprocessing = 0;
		};
/* End PBXFrameworksBuildPhase section */

/* Begin PBXGroup section */
		C89810BB2A2D9AE200F22597 = {
			isa = PBXGroup;
			children = (
				C89810C62A2D9AE200F22597 /* FinalProject2 */,
				C89810C52A2D9AE200F22597 /* Products */,
				C8BF46862A34A72000D58DDC /* Frameworks */,
			);
			sourceTree = "<group>";
		};
		C89810C52A2D9AE200F22597 /* Products */ = {
			isa = PBXGroup;
			children = (
				C89810C42A2D9AE200F22597 /* FinalProject2.app */,
			);
			name = Products;
			sourceTree = "<group>";
		};
		C89810C62A2D9AE200F22597 /* FinalProject2 */ = {
			isa = PBXGroup;
			children = (
				C8AED9362A33826900ADD5D3 /* GoogleService-Info.plist */,
				C89810C72A2D9AE200F22597 /* AppDelegate.swift */,
				C89810E32A2DEDAD00F22597 /* TestViewController.swift */,
				C89810D02A2D9AE300F22597 /* Assets.xcassets */,
				C89810D22A2D9AE300F22597 /* LaunchScreen.storyboard */,
				C89810D52A2D9AE300F22597 /* Info.plist */,
				C89810DB2A2D9E0300F22597 /* PageViewController.swift */,
				C89811072A2E52DC00F22597 /* WelcomeViewController.swift */,
				C8D662B02A2EE2C50087CC97 /* RegistrationViewController.swift */,
				C8D662B22A2EF3AF0087CC97 /* TextField.swift */,
				C8D662B42A2F05180087CC97 /* CustomButton.swift */,
				C8D662B62A2F0B180087CC97 /* AuthViewController.swift */,
				C8D662B82A2F234D0087CC97 /* CatalogViewController.swift */,
				C8D662BC2A2F6D0D0087CC97 /* CartViewController.swift */,
				C85F62F42A3032FD002A24FA /* Data.swift */,
				C85F62F62A30793D002A24FA /* BottomSheetViewController.swift */,
				C85F62F82A30994D002A24FA /* ProfileViewController.swift */,
				C85F62FA2A30E096002A24FA /* AccountViewController.swift */,
				C85F62FC2A30E5E5002A24FA /* SizeViewController.swift */,
				C85F62FE2A3103DD002A24FA /* HIstoryViewController.swift */,
				C87EB0FF2A317FB70093C5E9 /* ImagesViewController.swift */,
				C87EB1012A3189610093C5E9 /* OrderDetailViewController.swift */,
				C87EB1032A31B8260093C5E9 /* Rosourses.swift */,
				C87EB1052A31B8FC0093C5E9 /* TabBarViewController.swift */,
				C8BF46822A348E7700D58DDC /* ApiManager.swift */,
				C8BF46842A348F3400D58DDC /* Document.swift */,
			);
			path = FinalProject2;
			sourceTree = "<group>";
		};
		C8BF46862A34A72000D58DDC /* Frameworks */ = {
			isa = PBXGroup;
			children = (
			);
			name = Frameworks;
			sourceTree = "<group>";
		};
/* End PBXGroup section */

/* Begin PBXNativeTarget section */
		C89810C32A2D9AE200F22597 /* FinalProject2 */ = {
			isa = PBXNativeTarget;
			buildConfigurationList = C89810D82A2D9AE300F22597 /* Build configuration list for PBXNativeTarget "FinalProject2" */;
			buildPhases = (
				C89810C02A2D9AE200F22597 /* Sources */,
				C89810C12A2D9AE200F22597 /* Frameworks */,
				C89810C22A2D9AE200F22597 /* Resources */,
			);
			buildRules = (
			);
			dependencies = (
			);
			name = FinalProject2;
			packageProductDependencies = (
				C8AED9392A3385C400ADD5D3 /* FirebaseAnalytics */,
				C8AED93B2A3385C400ADD5D3 /* FirebaseAuth */,
				C8AED93D2A3385C400ADD5D3 /* FirebaseDatabase */,
				C8AED93F2A3385C400ADD5D3 /* FirebaseFirestore */,
				C8AED9412A3385C400ADD5D3 /* FirebaseStorage */,
				C8BF46872A34A72000D58DDC /* FirebaseDatabaseSwift */,
			);
			productName = FinalProject2;
			productReference = C89810C42A2D9AE200F22597 /* FinalProject2.app */;
			productType = "com.apple.product-type.application";
		};
/* End PBXNativeTarget section */

/* Begin PBXProject section */
		C89810BC2A2D9AE200F22597 /* Project object */ = {
			isa = PBXProject;
			attributes = {
				BuildIndependentTargetsInParallel = 1;
				LastSwiftUpdateCheck = 1430;
				LastUpgradeCheck = 1430;
				TargetAttributes = {
					C89810C32A2D9AE200F22597 = {
						CreatedOnToolsVersion = 14.3;
					};
				};
			};
			buildConfigurationList = C89810BF2A2D9AE200F22597 /* Build configuration list for PBXProject "FinalProject2" */;
			compatibilityVersion = "Xcode 14.0";
			developmentRegion = en;
			hasScannedForEncodings = 0;
			knownRegions = (
				en,
				Base,
			);
			mainGroup = C89810BB2A2D9AE200F22597;
			packageReferences = (
				C8AED9382A3385C400ADD5D3 /* XCRemoteSwiftPackageReference "firebase-ios-sdk" */,
			);
			productRefGroup = C89810C52A2D9AE200F22597 /* Products */;
			projectDirPath = "";
			projectRoot = "";
			targets = (
				C89810C32A2D9AE200F22597 /* FinalProject2 */,
			);
		};
/* End PBXProject section */

/* Begin PBXResourcesBuildPhase section */
		C89810C22A2D9AE200F22597 /* Resources */ = {
			isa = PBXResourcesBuildPhase;
			buildActionMask = 2147483647;
			files = (
				C89810D42A2D9AE300F22597 /* LaunchScreen.storyboard in Resources */,
				C89810D12A2D9AE300F22597 /* Assets.xcassets in Resources */,
				C8AED9372A33826900ADD5D3 /* GoogleService-Info.plist in Resources */,
			);
			runOnlyForDeploymentPostprocessing = 0;
		};
/* End PBXResourcesBuildPhase section */

/* Begin PBXSourcesBuildPhase section */
		C89810C02A2D9AE200F22597 /* Sources */ = {
			isa = PBXSourcesBuildPhase;
			buildActionMask = 2147483647;
			files = (
				C87EB1002A317FB70093C5E9 /* ImagesViewController.swift in Sources */,
				C8D662B92A2F234D0087CC97 /* CatalogViewController.swift in Sources */,
				C85F62F72A30793D002A24FA /* BottomSheetViewController.swift in Sources */,
				C87EB1042A31B8260093C5E9 /* Rosourses.swift in Sources */,
				C8BF46852A348F3400D58DDC /* Document.swift in Sources */,
				C87EB1062A31B8FC0093C5E9 /* TabBarViewController.swift in Sources */,
				C85F62FB2A30E096002A24FA /* AccountViewController.swift in Sources */,
				C89810E42A2DEDAD00F22597 /* TestViewController.swift in Sources */,
				C89810DC2A2D9E0300F22597 /* PageViewController.swift in Sources */,
				C85F62F52A3032FD002A24FA /* Data.swift in Sources */,
				C8D662B32A2EF3AF0087CC97 /* TextField.swift in Sources */,
				C8BF46832A348E7700D58DDC /* ApiManager.swift in Sources */,
				C8D662B52A2F05180087CC97 /* CustomButton.swift in Sources */,
				C89811082A2E52DC00F22597 /* WelcomeViewController.swift in Sources */,
				C8D662BD2A2F6D0D0087CC97 /* CartViewController.swift in Sources */,
				C87EB1022A3189610093C5E9 /* OrderDetailViewController.swift in Sources */,
				C85F62FD2A30E5E5002A24FA /* SizeViewController.swift in Sources */,
				C8D662B12A2EE2C50087CC97 /* RegistrationViewController.swift in Sources */,
				C85F62F92A30994D002A24FA /* ProfileViewController.swift in Sources */,
				C85F62FF2A3103DD002A24FA /* HIstoryViewController.swift in Sources */,
				C8D662B72A2F0B180087CC97 /* AuthViewController.swift in Sources */,
				C89810C82A2D9AE200F22597 /* AppDelegate.swift in Sources */,
			);
			runOnlyForDeploymentPostprocessing = 0;
		};
/* End PBXSourcesBuildPhase section */

/* Begin PBXVariantGroup section */
		C89810D22A2D9AE300F22597 /* LaunchScreen.storyboard */ = {
			isa = PBXVariantGroup;
			children = (
				C89810D32A2D9AE300F22597 /* Base */,
			);
			name = LaunchScreen.storyboard;
			sourceTree = "<group>";
		};
/* End PBXVariantGroup section */

/* Begin XCBuildConfiguration section */
		C89810D62A2D9AE300F22597 /* Debug */ = {
			isa = XCBuildConfiguration;
			buildSettings = {
				ALWAYS_SEARCH_USER_PATHS = NO;
				CLANG_ANALYZER_NONNULL = YES;
				CLANG_ANALYZER_NUMBER_OBJECT_CONVERSION = YES_AGGRESSIVE;
				CLANG_CXX_LANGUAGE_STANDARD = "gnu++20";
				CLANG_ENABLE_MODULES = YES;
				CLANG_ENABLE_OBJC_ARC = YES;
				CLANG_ENABLE_OBJC_WEAK = YES;
				CLANG_WARN_BLOCK_CAPTURE_AUTORELEASING = YES;
				CLANG_WARN_BOOL_CONVERSION = YES;
				CLANG_WARN_COMMA = YES;
				CLANG_WARN_CONSTANT_CONVERSION = YES;
				CLANG_WARN_DEPRECATED_OBJC_IMPLEMENTATIONS = YES;
				CLANG_WARN_DIRECT_OBJC_ISA_USAGE = YES_ERROR;
				CLANG_WARN_DOCUMENTATION_COMMENTS = YES;
				CLANG_WARN_EMPTY_BODY = YES;
				CLANG_WARN_ENUM_CONVERSION = YES;
				CLANG_WARN_INFINITE_RECURSION = YES;
				CLANG_WARN_INT_CONVERSION = YES;
				CLANG_WARN_NON_LITERAL_NULL_CONVERSION = YES;
				CLANG_WARN_OBJC_IMPLICIT_RETAIN_SELF = YES;
				CLANG_WARN_OBJC_LITERAL_CONVERSION = YES;
				CLANG_WARN_OBJC_ROOT_CLASS = YES_ERROR;
				CLANG_WARN_QUOTED_INCLUDE_IN_FRAMEWORK_HEADER = YES;
				CLANG_WARN_RANGE_LOOP_ANALYSIS = YES;
				CLANG_WARN_STRICT_PROTOTYPES = YES;
				CLANG_WARN_SUSPICIOUS_MOVE = YES;
				CLANG_WARN_UNGUARDED_AVAILABILITY = YES_AGGRESSIVE;
				CLANG_WARN_UNREACHABLE_CODE = YES;
				CLANG_WARN__DUPLICATE_METHOD_MATCH = YES;
				COPY_PHASE_STRIP = NO;
				DEBUG_INFORMATION_FORMAT = dwarf;
				ENABLE_STRICT_OBJC_MSGSEND = YES;
				ENABLE_TESTABILITY = YES;
				GCC_C_LANGUAGE_STANDARD = gnu11;
				GCC_DYNAMIC_NO_PIC = NO;
				GCC_NO_COMMON_BLOCKS = YES;
				GCC_OPTIMIZATION_LEVEL = 0;
				GCC_PREPROCESSOR_DEFINITIONS = (
					"DEBUG=1",
					"$(inherited)",
				);
				GCC_WARN_64_TO_32_BIT_CONVERSION = YES;
				GCC_WARN_ABOUT_RETURN_TYPE = YES_ERROR;
				GCC_WARN_UNDECLARED_SELECTOR = YES;
				GCC_WARN_UNINITIALIZED_AUTOS = YES_AGGRESSIVE;
				GCC_WARN_UNUSED_FUNCTION = YES;
				GCC_WARN_UNUSED_VARIABLE = YES;
				IPHONEOS_DEPLOYMENT_TARGET = 16.4;
				MTL_ENABLE_DEBUG_INFO = INCLUDE_SOURCE;
				MTL_FAST_MATH = YES;
				ONLY_ACTIVE_ARCH = YES;
				SDKROOT = iphoneos;
				SWIFT_ACTIVE_COMPILATION_CONDITIONS = DEBUG;
				SWIFT_OPTIMIZATION_LEVEL = "-Onone";
			};
			name = Debug;
		};
		C89810D72A2D9AE300F22597 /* Release */ = {
			isa = XCBuildConfiguration;
			buildSettings = {
				ALWAYS_SEARCH_USER_PATHS = NO;
				CLANG_ANALYZER_NONNULL = YES;
				CLANG_ANALYZER_NUMBER_OBJECT_CONVERSION = YES_AGGRESSIVE;
				CLANG_CXX_LANGUAGE_STANDARD = "gnu++20";
				CLANG_ENABLE_MODULES = YES;
				CLANG_ENABLE_OBJC_ARC = YES;
				CLANG_ENABLE_OBJC_WEAK = YES;
				CLANG_WARN_BLOCK_CAPTURE_AUTORELEASING = YES;
				CLANG_WARN_BOOL_CONVERSION = YES;
				CLANG_WARN_COMMA = YES;
				CLANG_WARN_CONSTANT_CONVERSION = YES;
				CLANG_WARN_DEPRECATED_OBJC_IMPLEMENTATIONS = YES;
				CLANG_WARN_DIRECT_OBJC_ISA_USAGE = YES_ERROR;
				CLANG_WARN_DOCUMENTATION_COMMENTS = YES;
				CLANG_WARN_EMPTY_BODY = YES;
				CLANG_WARN_ENUM_CONVERSION = YES;
				CLANG_WARN_INFINITE_RECURSION = YES;
				CLANG_WARN_INT_CONVERSION = YES;
				CLANG_WARN_NON_LITERAL_NULL_CONVERSION = YES;
				CLANG_WARN_OBJC_IMPLICIT_RETAIN_SELF = YES;
				CLANG_WARN_OBJC_LITERAL_CONVERSION = YES;
				CLANG_WARN_OBJC_ROOT_CLASS = YES_ERROR;
				CLANG_WARN_QUOTED_INCLUDE_IN_FRAMEWORK_HEADER = YES;
				CLANG_WARN_RANGE_LOOP_ANALYSIS = YES;
				CLANG_WARN_STRICT_PROTOTYPES = YES;
				CLANG_WARN_SUSPICIOUS_MOVE = YES;
				CLANG_WARN_UNGUARDED_AVAILABILITY = YES_AGGRESSIVE;
				CLANG_WARN_UNREACHABLE_CODE = YES;
				CLANG_WARN__DUPLICATE_METHOD_MATCH = YES;
				COPY_PHASE_STRIP = NO;
				DEBUG_INFORMATION_FORMAT = "dwarf-with-dsym";
				ENABLE_NS_ASSERTIONS = NO;
				ENABLE_STRICT_OBJC_MSGSEND = YES;
				GCC_C_LANGUAGE_STANDARD = gnu11;
				GCC_NO_COMMON_BLOCKS = YES;
				GCC_WARN_64_TO_32_BIT_CONVERSION = YES;
				GCC_WARN_ABOUT_RETURN_TYPE = YES_ERROR;
				GCC_WARN_UNDECLARED_SELECTOR = YES;
				GCC_WARN_UNINITIALIZED_AUTOS = YES_AGGRESSIVE;
				GCC_WARN_UNUSED_FUNCTION = YES;
				GCC_WARN_UNUSED_VARIABLE = YES;
				IPHONEOS_DEPLOYMENT_TARGET = 16.4;
				MTL_ENABLE_DEBUG_INFO = NO;
				MTL_FAST_MATH = YES;
				SDKROOT = iphoneos;
				SWIFT_COMPILATION_MODE = wholemodule;
				SWIFT_OPTIMIZATION_LEVEL = "-O";
				VALIDATE_PRODUCT = YES;
			};
			name = Release;
		};
		C89810D92A2D9AE300F22597 /* Debug */ = {
			isa = XCBuildConfiguration;
			buildSettings = {
				ASSETCATALOG_COMPILER_APPICON_NAME = AppIcon;
				ASSETCATALOG_COMPILER_GLOBAL_ACCENT_COLOR_NAME = AccentColor;
				CODE_SIGN_STYLE = Automatic;
				CURRENT_PROJECT_VERSION = 1;
				GENERATE_INFOPLIST_FILE = YES;
				INFOPLIST_FILE = FinalProject2/Info.plist;
				INFOPLIST_KEY_UIApplicationSupportsIndirectInputEvents = YES;
				INFOPLIST_KEY_UILaunchStoryboardName = LaunchScreen;
				INFOPLIST_KEY_UIMainStoryboardFile = "";
				INFOPLIST_KEY_UISupportedInterfaceOrientations_iPad = "UIInterfaceOrientationPortrait UIInterfaceOrientationPortraitUpsideDown UIInterfaceOrientationLandscapeLeft UIInterfaceOrientationLandscapeRight";
				INFOPLIST_KEY_UISupportedInterfaceOrientations_iPhone = "UIInterfaceOrientationPortrait UIInterfaceOrientationLandscapeLeft UIInterfaceOrientationLandscapeRight";
				LD_RUNPATH_SEARCH_PATHS = (
					"$(inherited)",
					"@executable_path/Frameworks",
				);
				MARKETING_VERSION = 1.0;
				PRODUCT_BUNDLE_IDENTIFIER = kz.MyCompany.FinalProject2;
				PRODUCT_NAME = "$(TARGET_NAME)";
				SWIFT_EMIT_LOC_STRINGS = YES;
				SWIFT_VERSION = 5.0;
				TARGETED_DEVICE_FAMILY = "1,2";
			};
			name = Debug;
		};
		C89810DA2A2D9AE300F22597 /* Release */ = {
			isa = XCBuildConfiguration;
			buildSettings = {
				ASSETCATALOG_COMPILER_APPICON_NAME = AppIcon;
				ASSETCATALOG_COMPILER_GLOBAL_ACCENT_COLOR_NAME = AccentColor;
				CODE_SIGN_STYLE = Automatic;
				CURRENT_PROJECT_VERSION = 1;
				GENERATE_INFOPLIST_FILE = YES;
				INFOPLIST_FILE = FinalProject2/Info.plist;
				INFOPLIST_KEY_UIApplicationSupportsIndirectInputEvents = YES;
				INFOPLIST_KEY_UILaunchStoryboardName = LaunchScreen;
				INFOPLIST_KEY_UIMainStoryboardFile = "";
				INFOPLIST_KEY_UISupportedInterfaceOrientations_iPad = "UIInterfaceOrientationPortrait UIInterfaceOrientationPortraitUpsideDown UIInterfaceOrientationLandscapeLeft UIInterfaceOrientationLandscapeRight";
				INFOPLIST_KEY_UISupportedInterfaceOrientations_iPhone = "UIInterfaceOrientationPortrait UIInterfaceOrientationLandscapeLeft UIInterfaceOrientationLandscapeRight";
				LD_RUNPATH_SEARCH_PATHS = (
					"$(inherited)",
					"@executable_path/Frameworks",
				);
				MARKETING_VERSION = 1.0;
				PRODUCT_BUNDLE_IDENTIFIER = kz.MyCompany.FinalProject2;
				PRODUCT_NAME = "$(TARGET_NAME)";
				SWIFT_EMIT_LOC_STRINGS = YES;
				SWIFT_VERSION = 5.0;
				TARGETED_DEVICE_FAMILY = "1,2";
			};
			name = Release;
		};
/* End XCBuildConfiguration section */

/* Begin XCConfigurationList section */
		C89810BF2A2D9AE200F22597 /* Build configuration list for PBXProject "FinalProject2" */ = {
			isa = XCConfigurationList;
			buildConfigurations = (
				C89810D62A2D9AE300F22597 /* Debug */,
				C89810D72A2D9AE300F22597 /* Release */,
			);
			defaultConfigurationIsVisible = 0;
			defaultConfigurationName = Release;
		};
		C89810D82A2D9AE300F22597 /* Build configuration list for PBXNativeTarget "FinalProject2" */ = {
			isa = XCConfigurationList;
			buildConfigurations = (
				C89810D92A2D9AE300F22597 /* Debug */,
				C89810DA2A2D9AE300F22597 /* Release */,
			);
			defaultConfigurationIsVisible = 0;
			defaultConfigurationName = Release;
		};
/* End XCConfigurationList section */

/* Begin XCRemoteSwiftPackageReference section */
		C8AED9382A3385C400ADD5D3 /* XCRemoteSwiftPackageReference "firebase-ios-sdk" */ = {
			isa = XCRemoteSwiftPackageReference;
			repositoryURL = "https://github.com/firebase/firebase-ios-sdk";
			requirement = {
				kind = upToNextMajorVersion;
				minimumVersion = 10.0.0;
			};
		};
/* End XCRemoteSwiftPackageReference section */

/* Begin XCSwiftPackageProductDependency section */
		C8AED9392A3385C400ADD5D3 /* FirebaseAnalytics */ = {
			isa = XCSwiftPackageProductDependency;
			package = C8AED9382A3385C400ADD5D3 /* XCRemoteSwiftPackageReference "firebase-ios-sdk" */;
			productName = FirebaseAnalytics;
		};
		C8AED93B2A3385C400ADD5D3 /* FirebaseAuth */ = {
			isa = XCSwiftPackageProductDependency;
			package = C8AED9382A3385C400ADD5D3 /* XCRemoteSwiftPackageReference "firebase-ios-sdk" */;
			productName = FirebaseAuth;
		};
		C8AED93D2A3385C400ADD5D3 /* FirebaseDatabase */ = {
			isa = XCSwiftPackageProductDependency;
			package = C8AED9382A3385C400ADD5D3 /* XCRemoteSwiftPackageReference "firebase-ios-sdk" */;
			productName = FirebaseDatabase;
		};
		C8AED93F2A3385C400ADD5D3 /* FirebaseFirestore */ = {
			isa = XCSwiftPackageProductDependency;
			package = C8AED9382A3385C400ADD5D3 /* XCRemoteSwiftPackageReference "firebase-ios-sdk" */;
			productName = FirebaseFirestore;
		};
		C8AED9412A3385C400ADD5D3 /* FirebaseStorage */ = {
			isa = XCSwiftPackageProductDependency;
			package = C8AED9382A3385C400ADD5D3 /* XCRemoteSwiftPackageReference "firebase-ios-sdk" */;
			productName = FirebaseStorage;
		};
		C8BF46872A34A72000D58DDC /* FirebaseDatabaseSwift */ = {
			isa = XCSwiftPackageProductDependency;
			package = C8AED9382A3385C400ADD5D3 /* XCRemoteSwiftPackageReference "firebase-ios-sdk" */;
			productName = FirebaseDatabaseSwift;
		};
/* End XCSwiftPackageProductDependency section */
	};
	rootObject = C89810BC2A2D9AE200F22597 /* Project object */;
}
